
Microsoft Visual Studio Solution File, Format Version 12.00
# Visual Studio Version 17
VisualStudioVersion = 17.7.34031.279
MinimumVisualStudioVersion = 10.0.40219.1
Project("{9A19103F-16F7-4668-BE54-9A1E7A4F7556}") = "TcpRouter.Abstractions", "TcpRouter.Abstractions\TcpRouter.Abstractions.csproj", "{0C46F373-9595-4B2F-81F8-05BBDF681757}"
EndProject
Project("{9A19103F-16F7-4668-BE54-9A1E7A4F7556}") = "TcpRouter.RouteManager", "TcpRouter.RouteManager\TcpRouter.RouteManager.csproj", "{CDECDD35-C945-4017-AD4D-69DF0C4AAEDC}"
EndProject
Project("{9A19103F-16F7-4668-BE54-9A1E7A4F7556}") = "TcpRouter.Detector", "TcpRouter.Detector\TcpRouter.Detector.csproj", "{FA606671-4936-4BCF-BE33-5A5A11E31B69}"
EndProject
Project("{9A19103F-16F7-4668-BE54-9A1E7A4F7556}") = "TcpRotuer.Router", "TcpRotuer.Router\TcpRotuer.Router.csproj", "{ECFDD09D-C2FD-48F1-AA27-ADA53E739F42}"
EndProject
Project("{9A19103F-16F7-4668-BE54-9A1E7A4F7556}") = "TcpRouter.Api", "TcpRouter.Api\TcpRouter.Api.csproj", "{1846EFBC-90FF-42A2-9B45-9818E3E16FCD}"
EndProject
Project("{9A19103F-16F7-4668-BE54-9A1E7A4F7556}") = "TcpRouter.Abstractions.Tests", "Tests\TcpRouter.Abstractions.Tests\TcpRouter.Abstractions.Tests.csproj", "{81EAC1F7-F161-4E3A-B3D6-312ECBD81CE6}"
EndProject
Project("{9A19103F-16F7-4668-BE54-9A1E7A4F7556}") = "TcpRouter.FakeDetector", "Utils\TcpRouter.FakeDetector\TcpRouter.FakeDetector.csproj", "{F5A6B387-6C47-452C-942B-0E2D67E45B8D}"
EndProject
Project("{2150E333-8FDC-42A3-9474-1A3956D46DE8}") = "Utils", "Utils", "{73DC5B30-5EB1-4C9C-A912-6EBEFC220939}"
EndProject
Project("{9A19103F-16F7-4668-BE54-9A1E7A4F7556}") = "TcpRouter.FakeMeter", "Utils\TcpRouter.FakeMeter\TcpRouter.FakeMeter.csproj", "{37A0DF47-64C4-4CFB-8B6D-74D5BCA0DFAD}"
EndProject
Project("{9A19103F-16F7-4668-BE54-9A1E7A4F7556}") = "TcpRouter.FakeDetector.Console", "Utils\TcpRouter.FakeDetector.Console\TcpRouter.FakeDetector.Console.csproj", "{A87D155F-C89E-4E08-8F65-191E5F504845}"
EndProject
Project("{2150E333-8FDC-42A3-9474-1A3956D46DE8}") = "Solution Items", "Solution Items", "{71D32D2A-57C6-430C-B30A-57B9C15CC744}"
	ProjectSection(SolutionItems) = preProject
		.editorconfig = .editorconfig
		Readme.md = Readme.md
	EndProjectSection
EndProject
Project("{9A19103F-16F7-4668-BE54-9A1E7A4F7556}") = "TcpRouter.FakeMeter.Console", "Utils\TcpRouter.FakeMeter.Console\TcpRouter.FakeMeter.Console.csproj", "{DB251A19-95F3-4EBB-99A9-78F6A6C80BCC}"
EndProject
Project("{FAE04EC0-301F-11D3-BF4B-00C04F79EFBC}") = "TcpRouter.RouteManager.Tests", "Tests\TcpRouter.RouteManager.Tests\TcpRouter.RouteManager.Tests.csproj", "{BAE6E828-1F06-4E29-82DE-208C72168F4F}"
EndProject
Project("{2150E333-8FDC-42A3-9474-1A3956D46DE8}") = "Tests", "Tests", "{8F491630-FAE6-4B0E-AC9D-95EEA18C80B6}"
EndProject
Global
	GlobalSection(SolutionConfigurationPlatforms) = preSolution
		Debug|Any CPU = Debug|Any CPU
		Release|Any CPU = Release|Any CPU
	EndGlobalSection
	GlobalSection(ProjectConfigurationPlatforms) = postSolution
		{0C46F373-9595-4B2F-81F8-05BBDF681757}.Debug|Any CPU.ActiveCfg = Debug|Any CPU
		{0C46F373-9595-4B2F-81F8-05BBDF681757}.Debug|Any CPU.Build.0 = Debug|Any CPU
		{0C46F373-9595-4B2F-81F8-05BBDF681757}.Release|Any CPU.ActiveCfg = Release|Any CPU
		{0C46F373-9595-4B2F-81F8-05BBDF681757}.Release|Any CPU.Build.0 = Release|Any CPU
		{CDECDD35-C945-4017-AD4D-69DF0C4AAEDC}.Debug|Any CPU.ActiveCfg = Debug|Any CPU
		{CDECDD35-C945-4017-AD4D-69DF0C4AAEDC}.Debug|Any CPU.Build.0 = Debug|Any CPU
		{CDECDD35-C945-4017-AD4D-69DF0C4AAEDC}.Release|Any CPU.ActiveCfg = Release|Any CPU
		{CDECDD35-C945-4017-AD4D-69DF0C4AAEDC}.Release|Any CPU.Build.0 = Release|Any CPU
		{FA606671-4936-4BCF-BE33-5A5A11E31B69}.Debug|Any CPU.ActiveCfg = Debug|Any CPU
		{FA606671-4936-4BCF-BE33-5A5A11E31B69}.Debug|Any CPU.Build.0 = Debug|Any CPU
		{FA606671-4936-4BCF-BE33-5A5A11E31B69}.Release|Any CPU.ActiveCfg = Release|Any CPU
		{FA606671-4936-4BCF-BE33-5A5A11E31B69}.Release|Any CPU.Build.0 = Release|Any CPU
		{ECFDD09D-C2FD-48F1-AA27-ADA53E739F42}.Debug|Any CPU.ActiveCfg = Debug|Any CPU
		{ECFDD09D-C2FD-48F1-AA27-ADA53E739F42}.Debug|Any CPU.Build.0 = Debug|Any CPU
		{ECFDD09D-C2FD-48F1-AA27-ADA53E739F42}.Release|Any CPU.ActiveCfg = Release|Any CPU
		{ECFDD09D-C2FD-48F1-AA27-ADA53E739F42}.Release|Any CPU.Build.0 = Release|Any CPU
		{1846EFBC-90FF-42A2-9B45-9818E3E16FCD}.Debug|Any CPU.ActiveCfg = Debug|Any CPU
		{1846EFBC-90FF-42A2-9B45-9818E3E16FCD}.Debug|Any CPU.Build.0 = Debug|Any CPU
		{1846EFBC-90FF-42A2-9B45-9818E3E16FCD}.Release|Any CPU.ActiveCfg = Release|Any CPU
		{1846EFBC-90FF-42A2-9B45-9818E3E16FCD}.Release|Any CPU.Build.0 = Release|Any CPU
		{81EAC1F7-F161-4E3A-B3D6-312ECBD81CE6}.Debug|Any CPU.ActiveCfg = Debug|Any CPU
		{81EAC1F7-F161-4E3A-B3D6-312ECBD81CE6}.Debug|Any CPU.Build.0 = Debug|Any CPU
		{81EAC1F7-F161-4E3A-B3D6-312ECBD81CE6}.Release|Any CPU.ActiveCfg = Release|Any CPU
		{81EAC1F7-F161-4E3A-B3D6-312ECBD81CE6}.Release|Any CPU.Build.0 = Release|Any CPU
		{F5A6B387-6C47-452C-942B-0E2D67E45B8D}.Debug|Any CPU.ActiveCfg = Debug|Any CPU
		{F5A6B387-6C47-452C-942B-0E2D67E45B8D}.Debug|Any CPU.Build.0 = Debug|Any CPU
		{F5A6B387-6C47-452C-942B-0E2D67E45B8D}.Release|Any CPU.ActiveCfg = Release|Any CPU
		{F5A6B387-6C47-452C-942B-0E2D67E45B8D}.Release|Any CPU.Build.0 = Release|Any CPU
		{37A0DF47-64C4-4CFB-8B6D-74D5BCA0DFAD}.Debug|Any CPU.ActiveCfg = Debug|Any CPU
		{37A0DF47-64C4-4CFB-8B6D-74D5BCA0DFAD}.Debug|Any CPU.Build.0 = Debug|Any CPU
		{37A0DF47-64C4-4CFB-8B6D-74D5BCA0DFAD}.Release|Any CPU.ActiveCfg = Release|Any CPU
		{37A0DF47-64C4-4CFB-8B6D-74D5BCA0DFAD}.Release|Any CPU.Build.0 = Release|Any CPU
		{A87D155F-C89E-4E08-8F65-191E5F504845}.Debug|Any CPU.ActiveCfg = Debug|Any CPU
		{A87D155F-C89E-4E08-8F65-191E5F504845}.Debug|Any CPU.Build.0 = Debug|Any CPU
		{A87D155F-C89E-4E08-8F65-191E5F504845}.Release|Any CPU.ActiveCfg = Release|Any CPU
		{A87D155F-C89E-4E08-8F65-191E5F504845}.Release|Any CPU.Build.0 = Release|Any CPU
		{DB251A19-95F3-4EBB-99A9-78F6A6C80BCC}.Debug|Any CPU.ActiveCfg = Debug|Any CPU
		{DB251A19-95F3-4EBB-99A9-78F6A6C80BCC}.Debug|Any CPU.Build.0 = Debug|Any CPU
		{DB251A19-95F3-4EBB-99A9-78F6A6C80BCC}.Release|Any CPU.ActiveCfg = Release|Any CPU
		{DB251A19-95F3-4EBB-99A9-78F6A6C80BCC}.Release|Any CPU.Build.0 = Release|Any CPU
		{BAE6E828-1F06-4E29-82DE-208C72168F4F}.Debug|Any CPU.ActiveCfg = Debug|Any CPU
		{BAE6E828-1F06-4E29-82DE-208C72168F4F}.Debug|Any CPU.Build.0 = Debug|Any CPU
		{BAE6E828-1F06-4E29-82DE-208C72168F4F}.Release|Any CPU.ActiveCfg = Release|Any CPU
		{BAE6E828-1F06-4E29-82DE-208C72168F4F}.Release|Any CPU.Build.0 = Release|Any CPU
	EndGlobalSection
	GlobalSection(SolutionProperties) = preSolution
		HideSolutionNode = FALSE
	EndGlobalSection
	GlobalSection(NestedProjects) = preSolution
		{81EAC1F7-F161-4E3A-B3D6-312ECBD81CE6} = {8F491630-FAE6-4B0E-AC9D-95EEA18C80B6}
		{F5A6B387-6C47-452C-942B-0E2D67E45B8D} = {73DC5B30-5EB1-4C9C-A912-6EBEFC220939}
		{37A0DF47-64C4-4CFB-8B6D-74D5BCA0DFAD} = {73DC5B30-5EB1-4C9C-A912-6EBEFC220939}
		{A87D155F-C89E-4E08-8F65-191E5F504845} = {73DC5B30-5EB1-4C9C-A912-6EBEFC220939}
		{DB251A19-95F3-4EBB-99A9-78F6A6C80BCC} = {73DC5B30-5EB1-4C9C-A912-6EBEFC220939}
		{BAE6E828-1F06-4E29-82DE-208C72168F4F} = {8F491630-FAE6-4B0E-AC9D-95EEA18C80B6}
	EndGlobalSection
	GlobalSection(ExtensibilityGlobals) = postSolution
		SolutionGuid = {48B3B46C-1D14-4173-BAF1-D07FB88CA2FA}
	EndGlobalSection
EndGlobal
